
Microsoft Visual Studio Solution File, Format Version 12.00
# Visual Studio 15
VisualStudioVersion = 15.0.27004.2005
MinimumVisualStudioVersion = 10.0.40219.1
Project("{9A19103F-16F7-4668-BE54-9A1E7A4F7556}") = "Hyperion", "src\Hyperion\Hyperion.csproj", "{7AF8D2B6-9F1F-4A1C-8673-48E533108385}"
EndProject
Project("{2150E333-8FDC-42A3-9474-1A3956D46DE8}") = "Build", "Build", "{2F3D4EC4-3A41-48C2-9DEA-0510B0FF89B4}"
	ProjectSection(SolutionItems) = preProject
		build.cmd = build.cmd
		build.fsx = build.fsx
		build.ps1 = build.ps1
		build.sh = build.sh
		README.md = README.md
		RELEASE_NOTES.md = RELEASE_NOTES.md
	EndProjectSection
EndProject
Project("{6EC3EE1D-3C4E-46DD-8F32-0CC8E7565705}") = "Hyperion.Tests.FSharpData", "src\Hyperion.Tests.FSharpData\Hyperion.Tests.FSharpData.fsproj", "{1E406A85-C7F5-4F62-9D72-88C67FF2D743}"
EndProject
Project("{9A19103F-16F7-4668-BE54-9A1E7A4F7556}") = "Hyperion.Benchmarks", "src\Hyperion.Benchmarks\Hyperion.Benchmarks.csproj", "{CAE2DB69-0BE7-4B11-96DB-D5B61D35607F}"
EndProject
Project("{FAE04EC0-301F-11D3-BF4B-00C04F79EFBC}") = "Hyperion.Tests", "src\Hyperion.Tests\Hyperion.Tests.csproj", "{EA096BA2-3B4C-4878-B9AD-5A88D164EBF0}"
EndProject
Global
	GlobalSection(SolutionConfigurationPlatforms) = preSolution
		Debug|Any CPU = Debug|Any CPU
		Release|Any CPU = Release|Any CPU
	EndGlobalSection
	GlobalSection(ProjectConfigurationPlatforms) = postSolution
		{7AF8D2B6-9F1F-4A1C-8673-48E533108385}.Debug|Any CPU.ActiveCfg = Debug|Any CPU
		{7AF8D2B6-9F1F-4A1C-8673-48E533108385}.Debug|Any CPU.Build.0 = Debug|Any CPU
		{7AF8D2B6-9F1F-4A1C-8673-48E533108385}.Release|Any CPU.ActiveCfg = Release|Any CPU
		{7AF8D2B6-9F1F-4A1C-8673-48E533108385}.Release|Any CPU.Build.0 = Release|Any CPU
		{1E406A85-C7F5-4F62-9D72-88C67FF2D743}.Debug|Any CPU.ActiveCfg = Debug|Any CPU
		{1E406A85-C7F5-4F62-9D72-88C67FF2D743}.Debug|Any CPU.Build.0 = Debug|Any CPU
		{1E406A85-C7F5-4F62-9D72-88C67FF2D743}.Release|Any CPU.ActiveCfg = Release|Any CPU
		{1E406A85-C7F5-4F62-9D72-88C67FF2D743}.Release|Any CPU.Build.0 = Release|Any CPU
		{CAE2DB69-0BE7-4B11-96DB-D5B61D35607F}.Debug|Any CPU.ActiveCfg = Debug|Any CPU
		{CAE2DB69-0BE7-4B11-96DB-D5B61D35607F}.Debug|Any CPU.Build.0 = Debug|Any CPU
		{CAE2DB69-0BE7-4B11-96DB-D5B61D35607F}.Release|Any CPU.ActiveCfg = Release|Any CPU
		{CAE2DB69-0BE7-4B11-96DB-D5B61D35607F}.Release|Any CPU.Build.0 = Release|Any CPU
		{EA096BA2-3B4C-4878-B9AD-5A88D164EBF0}.Debug|Any CPU.ActiveCfg = Debug|Any CPU
		{EA096BA2-3B4C-4878-B9AD-5A88D164EBF0}.Debug|Any CPU.Build.0 = Debug|Any CPU
		{EA096BA2-3B4C-4878-B9AD-5A88D164EBF0}.Release|Any CPU.ActiveCfg = Release|Any CPU
		{EA096BA2-3B4C-4878-B9AD-5A88D164EBF0}.Release|Any CPU.Build.0 = Release|Any CPU
	EndGlobalSection
	GlobalSection(SolutionProperties) = preSolution
		HideSolutionNode = FALSE
	EndGlobalSection
	GlobalSection(ExtensibilityGlobals) = postSolution
		SolutionGuid = {B1C59E88-286D-4AD0-B5FC-94C8F95BF0FA}
	EndGlobalSection
EndGlobal
